
Microsoft Visual Studio Solution File, Format Version 12.00
# Visual Studio Version 17
VisualStudioVersion = 17.8.34601.278
MinimumVisualStudioVersion = 10.0.40219.1
Project("{9A19103F-16F7-4668-BE54-9A1E7A4F7556}") = "BmsKhameleon.UI", "BmsKhameleon\BmsKhameleon.UI.csproj", "{63318F76-B9F6-4EFA-9DA5-5B2712F4A154}"
EndProject
Project("{2150E333-8FDC-42A3-9474-1A3956D46DE8}") = "src", "src", "{65706E78-2917-4541-908F-4122772E920C}"
EndProject
Project("{2150E333-8FDC-42A3-9474-1A3956D46DE8}") = "tests", "tests", "{5AC1B5DF-6931-429E-AE95-20FA781E0A14}"
EndProject
Project("{FAE04EC0-301F-11D3-BF4B-00C04F79EFBC}") = "BmsKhameleon.Core", "BmsKhameleon.Core\BmsKhameleon.Core.csproj", "{89E0690D-3B85-4CFA-9263-4C461798CB14}"
EndProject
Global
	GlobalSection(SolutionConfigurationPlatforms) = preSolution
		Debug|Any CPU = Debug|Any CPU
		Release|Any CPU = Release|Any CPU
	EndGlobalSection
	GlobalSection(ProjectConfigurationPlatforms) = postSolution
		{63318F76-B9F6-4EFA-9DA5-5B2712F4A154}.Debug|Any CPU.ActiveCfg = Debug|Any CPU
		{63318F76-B9F6-4EFA-9DA5-5B2712F4A154}.Debug|Any CPU.Build.0 = Debug|Any CPU
		{63318F76-B9F6-4EFA-9DA5-5B2712F4A154}.Release|Any CPU.ActiveCfg = Release|Any CPU
		{63318F76-B9F6-4EFA-9DA5-5B2712F4A154}.Release|Any CPU.Build.0 = Release|Any CPU
		{89E0690D-3B85-4CFA-9263-4C461798CB14}.Debug|Any CPU.ActiveCfg = Debug|Any CPU
		{89E0690D-3B85-4CFA-9263-4C461798CB14}.Debug|Any CPU.Build.0 = Debug|Any CPU
		{89E0690D-3B85-4CFA-9263-4C461798CB14}.Release|Any CPU.ActiveCfg = Release|Any CPU
		{89E0690D-3B85-4CFA-9263-4C461798CB14}.Release|Any CPU.Build.0 = Release|Any CPU
	EndGlobalSection
	GlobalSection(SolutionProperties) = preSolution
		HideSolutionNode = FALSE
	EndGlobalSection
	GlobalSection(NestedProjects) = preSolution
		{63318F76-B9F6-4EFA-9DA5-5B2712F4A154} = {65706E78-2917-4541-908F-4122772E920C}
		{89E0690D-3B85-4CFA-9263-4C461798CB14} = {65706E78-2917-4541-908F-4122772E920C}
	EndGlobalSection
	GlobalSection(ExtensibilityGlobals) = postSolution
		SolutionGuid = {444898A3-CE1D-4404-82FD-E3443F4BC235}
	EndGlobalSection
EndGlobal
